{
  "lockfile-version": 1,
  "manifest": {
    "version": 1,
    "install": {
      "go": {
        "pkg-path": "go",
        "version": "^1.23.0"
      },
      "just": {
        "pkg-path": "just"
      },
      "prek": {
        "pkg-path": "prek"
      }
    },
    "hook": {
      "on-activate": "  # Autogenerated by Flox\n\n  # Point GOENV to Flox environment cache\n  export GOENV=\"$FLOX_ENV_CACHE/goenv\"\n\n  # Install Go dependencies\n  go get .\n\n  # End autogenerated by Flox\n"
    },
    "profile": {},
    "options": {}
  },
  "packages": [
    {
      "attr_path": "go",
      "broken": false,
      "derivation": "/nix/store/hgsy7836w5mmvbmfqq85ahvaijxp6hg5-go-1.25.5.drv",
      "description": "Go Programming language",
      "install_id": "go",
      "license": "BSD-3-Clause",
      "locked_url": "https://github.com/flox/nixpkgs?rev=e4bae1bd10c9c57b2cf517953ab70060a828ee6f",
      "name": "go-1.25.5",
      "pname": "go",
      "rev": "e4bae1bd10c9c57b2cf517953ab70060a828ee6f",
      "rev_count": 928726,
      "rev_date": "2026-01-16T12:01:49Z",
      "scrape_date": "2026-01-17T03:20:16.408031Z",
      "stabilities": [
        "unstable"
      ],
      "unfree": false,
      "version": "1.25.5",
      "outputs_to_install": [
        "out"
      ],
      "outputs": {
        "out": "/nix/store/fy2aq0rg6vbiyjfdpqy3429hqsan7iwm-go-1.25.5"
      },
      "system": "aarch64-darwin",
      "group": "toplevel",
      "priority": 5
    },
    {
      "attr_path": "go",
      "broken": false,
      "derivation": "/nix/store/szsqy070dn220802p3xz4qzayg21v51h-go-1.25.5.drv",
      "description": "Go Programming language",
      "install_id": "go",
      "license": "BSD-3-Clause",
      "locked_url": "https://github.com/flox/nixpkgs?rev=e4bae1bd10c9c57b2cf517953ab70060a828ee6f",
      "name": "go-1.25.5",
      "pname": "go",
      "rev": "e4bae1bd10c9c57b2cf517953ab70060a828ee6f",
      "rev_count": 928726,
      "rev_date": "2026-01-16T12:01:49Z",
      "scrape_date": "2026-01-17T03:59:50.441213Z",
      "stabilities": [
        "unstable"
      ],
      "unfree": false,
      "version": "1.25.5",
      "outputs_to_install": [
        "out"
      ],
      "outputs": {
        "out": "/nix/store/30d96229dgrh6n6bmd4hn9r1hcngj9bn-go-1.25.5"
      },
      "system": "aarch64-linux",
      "group": "toplevel",
      "priority": 5
    },
    {
      "attr_path": "go",
      "broken": false,
      "derivation": "/nix/store/h6nns7plcgc96n5d5fx6d3gaimdb5ji1-go-1.25.5.drv",
      "description": "Go Programming language",
      "install_id": "go",
      "license": "BSD-3-Clause",
      "locked_url": "https://github.com/flox/nixpkgs?rev=e4bae1bd10c9c57b2cf517953ab70060a828ee6f",
      "name": "go-1.25.5",
      "pname": "go",
      "rev": "e4bae1bd10c9c57b2cf517953ab70060a828ee6f",
      "rev_count": 928726,
      "rev_date": "2026-01-16T12:01:49Z",
      "scrape_date": "2026-01-17T04:36:59.961434Z",
      "stabilities": [
        "unstable"
      ],
      "unfree": false,
      "version": "1.25.5",
      "outputs_to_install": [
        "out"
      ],
      "outputs": {
        "out": "/nix/store/wzakp2xy6if4n2b4fb1fkdjwilwlpifk-go-1.25.5"
      },
      "system": "x86_64-darwin",
      "group": "toplevel",
      "priority": 5
    },
    {
      "attr_path": "go",
      "broken": false,
      "derivation": "/nix/store/zl4wd83m32ygpjcljdl5wqsn0fq9093j-go-1.25.5.drv",
      "description": "Go Programming language",
      "install_id": "go",
      "license": "BSD-3-Clause",
      "locked_url": "https://github.com/flox/nixpkgs?rev=e4bae1bd10c9c57b2cf517953ab70060a828ee6f",
      "name": "go-1.25.5",
      "pname": "go",
      "rev": "e4bae1bd10c9c57b2cf517953ab70060a828ee6f",
      "rev_count": 928726,
      "rev_date": "2026-01-16T12:01:49Z",
      "scrape_date": "2026-01-17T05:18:19.785721Z",
      "stabilities": [
        "unstable"
      ],
      "unfree": false,
      "version": "1.25.5",
      "outputs_to_install": [
        "out"
      ],
      "outputs": {
        "out": "/nix/store/60z37432vmgkg54krwr1z057bqwp7583-go-1.25.5"
      },
      "system": "x86_64-linux",
      "group": "toplevel",
      "priority": 5
    },
    {
      "attr_path": "just",
      "broken": false,
      "derivation": "/nix/store/sl6i97w5ssb608ysscgkfs9xw39ads01-just-1.46.0.drv",
      "description": "Handy way to save and run project-specific commands",
      "install_id": "just",
      "license": "CC0-1.0",
      "locked_url": "https://github.com/flox/nixpkgs?rev=e4bae1bd10c9c57b2cf517953ab70060a828ee6f",
      "name": "just-1.46.0",
      "pname": "just",
      "rev": "e4bae1bd10c9c57b2cf517953ab70060a828ee6f",
      "rev_count": 928726,
      "rev_date": "2026-01-16T12:01:49Z",
      "scrape_date": "2026-01-17T03:20:31.428268Z",
      "stabilities": [
        "unstable"
      ],
      "unfree": false,
      "version": "1.46.0",
      "outputs_to_install": [
        "man",
        "out"
      ],
      "outputs": {
        "doc": "/nix/store/0lmvwpfys5fkjff8bf9zckzp137n0gjr-just-1.46.0-doc",
        "man": "/nix/store/b3jskd4jbk1xy7gmhzhapmf0s3qfgjjv-just-1.46.0-man",
        "out": "/nix/store/vsv9adrq0irdx5cxlj16yjlym01pb58v-just-1.46.0"
      },
      "system": "aarch64-darwin",
      "group": "toplevel",
      "priority": 5
    },
    {
      "attr_path": "just",
      "broken": false,
      "derivation": "/nix/store/qgizmidlzn7g659kl7pnhsqsqy5zpwmy-just-1.46.0.drv",
      "description": "Handy way to save and run project-specific commands",
      "install_id": "just",
      "license": "CC0-1.0",
      "locked_url": "https://github.com/flox/nixpkgs?rev=e4bae1bd10c9c57b2cf517953ab70060a828ee6f",
      "name": "just-1.46.0",
      "pname": "just",
      "rev": "e4bae1bd10c9c57b2cf517953ab70060a828ee6f",
      "rev_count": 928726,
      "rev_date": "2026-01-16T12:01:49Z",
      "scrape_date": "2026-01-17T04:00:11.372621Z",
      "stabilities": [
        "unstable"
      ],
      "unfree": false,
      "version": "1.46.0",
      "outputs_to_install": [
        "man",
        "out"
      ],
      "outputs": {
        "doc": "/nix/store/jfakhs2ca94q913qv11i864hfgds32rn-just-1.46.0-doc",
        "man": "/nix/store/z87cf5g4gxnbzrswypw0c2vfq7cd7qs9-just-1.46.0-man",
        "out": "/nix/store/5xvqd6914l6bq4chkvxhwpxmwsyjvk79-just-1.46.0"
      },
      "system": "aarch64-linux",
      "group": "toplevel",
      "priority": 5
    },
    {
      "attr_path": "just",
      "broken": false,
      "derivation": "/nix/store/gr39wyb73pbhbzmzl04aix7rxc7yfdhq-just-1.46.0.drv",
      "description": "Handy way to save and run project-specific commands",
      "install_id": "just",
      "license": "CC0-1.0",
      "locked_url": "https://github.com/flox/nixpkgs?rev=e4bae1bd10c9c57b2cf517953ab70060a828ee6f",
      "name": "just-1.46.0",
      "pname": "just",
      "rev": "e4bae1bd10c9c57b2cf517953ab70060a828ee6f",
      "rev_count": 928726,
      "rev_date": "2026-01-16T12:01:49Z",
      "scrape_date": "2026-01-17T04:37:15.167912Z",
      "stabilities": [
        "unstable"
      ],
      "unfree": false,
      "version": "1.46.0",
      "outputs_to_install": [
        "man",
        "out"
      ],
      "outputs": {
        "doc": "/nix/store/fhrjjd4zlzkr1pb1a5581rc5rpzl83js-just-1.46.0-doc",
        "man": "/nix/store/ajl8m1jly6vnlgi7674slnas8hha5fzv-just-1.46.0-man",
        "out": "/nix/store/a9x4nkvyiqnsbc5c7m4hxbdd66ppjvzp-just-1.46.0"
      },
      "system": "x86_64-darwin",
      "group": "toplevel",
      "priority": 5
    },
    {
      "attr_path": "just",
      "broken": false,
      "derivation": "/nix/store/8520dnlzir2rzl2krdv9gjjdx4ciwaq9-just-1.46.0.drv",
      "description": "Handy way to save and run project-specific commands",
      "install_id": "just",
      "license": "CC0-1.0",
      "locked_url": "https://github.com/flox/nixpkgs?rev=e4bae1bd10c9c57b2cf517953ab70060a828ee6f",
      "name": "just-1.46.0",
      "pname": "just",
      "rev": "e4bae1bd10c9c57b2cf517953ab70060a828ee6f",
      "rev_count": 928726,
      "rev_date": "2026-01-16T12:01:49Z",
      "scrape_date": "2026-01-17T05:18:39.926406Z",
      "stabilities": [
        "unstable"
      ],
      "unfree": false,
      "version": "1.46.0",
      "outputs_to_install": [
        "man",
        "out"
      ],
      "outputs": {
        "doc": "/nix/store/wy4s0z7rcizywylg9nbyklx07d7a8kxy-just-1.46.0-doc",
        "man": "/nix/store/jlr7zha9axbwy8ccqs4h6myra019mhf3-just-1.46.0-man",
        "out": "/nix/store/rjx80xk7ly0i4d6sflilvphpx9drqdgd-just-1.46.0"
      },
      "system": "x86_64-linux",
      "group": "toplevel",
      "priority": 5
    },
    {
      "attr_path": "prek",
      "broken": false,
      "derivation": "/nix/store/byvy6sszy9rcpcj0r2vjb9lgfwlfb5mb-prek-0.2.20.drv",
      "description": "Better `pre-commit`, re-engineered in Rust ",
      "install_id": "prek",
      "license": "[ MIT ]",
      "locked_url": "https://github.com/flox/nixpkgs?rev=e4bae1bd10c9c57b2cf517953ab70060a828ee6f",
      "name": "prek-0.2.20",
      "pname": "prek",
      "rev": "e4bae1bd10c9c57b2cf517953ab70060a828ee6f",
      "rev_count": 928726,
      "rev_date": "2026-01-16T12:01:49Z",
      "scrape_date": "2026-01-17T03:20:54.239647Z",
      "stabilities": [
        "unstable"
      ],
      "unfree": false,
      "version": "0.2.20",
      "outputs_to_install": [
        "out"
      ],
      "outputs": {
        "out": "/nix/store/wx33s8mz2cxi4z68nnfyf96mj3ags2f2-prek-0.2.20"
      },
      "system": "aarch64-darwin",
      "group": "toplevel",
      "priority": 5
    },
    {
      "attr_path": "prek",
      "broken": false,
      "derivation": "/nix/store/4nl5iphaym6jj28fp0d82lbrvzykcadz-prek-0.2.20.drv",
      "description": "Better `pre-commit`, re-engineered in Rust ",
      "install_id": "prek",
      "license": "[ MIT ]",
      "locked_url": "https://github.com/flox/nixpkgs?rev=e4bae1bd10c9c57b2cf517953ab70060a828ee6f",
      "name": "prek-0.2.20",
      "pname": "prek",
      "rev": "e4bae1bd10c9c57b2cf517953ab70060a828ee6f",
      "rev_count": 928726,
      "rev_date": "2026-01-16T12:01:49Z",
      "scrape_date": "2026-01-17T04:00:48.668312Z",
      "stabilities": [
        "unstable"
      ],
      "unfree": false,
      "version": "0.2.20",
      "outputs_to_install": [
        "out"
      ],
      "outputs": {
        "out": "/nix/store/c9jm4k918f3sskf11sv8k99i3875xki5-prek-0.2.20"
      },
      "system": "aarch64-linux",
      "group": "toplevel",
      "priority": 5
    },
    {
      "attr_path": "prek",
      "broken": false,
      "derivation": "/nix/store/nmljrjj902mim22szd2rbyc2cdjmmygd-prek-0.2.20.drv",
      "description": "Better `pre-commit`, re-engineered in Rust ",
      "install_id": "prek",
      "license": "[ MIT ]",
      "locked_url": "https://github.com/flox/nixpkgs?rev=e4bae1bd10c9c57b2cf517953ab70060a828ee6f",
      "name": "prek-0.2.20",
      "pname": "prek",
      "rev": "e4bae1bd10c9c57b2cf517953ab70060a828ee6f",
      "rev_count": 928726,
      "rev_date": "2026-01-16T12:01:49Z",
      "scrape_date": "2026-01-17T04:37:37.226345Z",
      "stabilities": [
        "unstable"
      ],
      "unfree": false,
      "version": "0.2.20",
      "outputs_to_install": [
        "out"
      ],
      "outputs": {
        "out": "/nix/store/w5yf47q1wq7dc21aigi89m5xm03znvbx-prek-0.2.20"
      },
      "system": "x86_64-darwin",
      "group": "toplevel",
      "priority": 5
    },
    {
      "attr_path": "prek",
      "broken": false,
      "derivation": "/nix/store/8hpplfk7bdn8a40227kvi5mi6f3vrh2z-prek-0.2.20.drv",
      "description": "Better `pre-commit`, re-engineered in Rust ",
      "install_id": "prek",
      "license": "[ MIT ]",
      "locked_url": "https://github.com/flox/nixpkgs?rev=e4bae1bd10c9c57b2cf517953ab70060a828ee6f",
      "name": "prek-0.2.20",
      "pname": "prek",
      "rev": "e4bae1bd10c9c57b2cf517953ab70060a828ee6f",
      "rev_count": 928726,
      "rev_date": "2026-01-16T12:01:49Z",
      "scrape_date": "2026-01-17T05:19:18.994640Z",
      "stabilities": [
        "unstable"
      ],
      "unfree": false,
      "version": "0.2.20",
      "outputs_to_install": [
        "out"
      ],
      "outputs": {
        "out": "/nix/store/sxzw29bg64m3065ywbq2yzz16p8hpnkg-prek-0.2.20"
      },
      "system": "x86_64-linux",
      "group": "toplevel",
      "priority": 5
    }
  ]
}